
Microsoft Visual Studio Solution File, Format Version 12.00
# Visual Studio Version 17
VisualStudioVersion = 17.11.35303.130
MinimumVisualStudioVersion = 10.0.40219.1
Project("{2150E333-8FDC-42A3-9474-1A3956D46DE8}") = "Task0", "Task0", "{CDEDEFC3-958D-4F99-9AB4-8A5883B51460}"
EndProject
Project("{FAE04EC0-301F-11D3-BF4B-00C04F79EFBC}") = "Tyuiu.ZhuriloNA.Sprint0.Task0.V0", "Tyuiu.ZhuriloNA.Sprint0.Task0.V0\Tyuiu.ZhuriloNA.Sprint0.Task0.V0.csproj", "{2A3B85C2-277A-45B0-8755-C8CB79DC6080}"
EndProject
Project("{2150E333-8FDC-42A3-9474-1A3956D46DE8}") = "Task1", "Task1", "{E51A301F-23DC-4D78-9A73-BB17ECFF767E}"
EndProject
Project("{FAE04EC0-301F-11D3-BF4B-00C04F79EFBC}") = "Tyuiu.ZhuriloNA.Sprint0.Task1.V0", "Tyuiu.ZhuriloNA.Sprint0.Task1.V0\Tyuiu.ZhuriloNA.Sprint0.Task1.V0.csproj", "{C7D292D7-BBEF-4D37-AA5C-755D76141A0B}"
EndProject
Project("{2150E333-8FDC-42A3-9474-1A3956D46DE8}") = "Task2", "Task2", "{0ECAF795-23EB-4746-9E39-7861811EA957}"
EndProject
Project("{FAE04EC0-301F-11D3-BF4B-00C04F79EFBC}") = "Tyuiu.ZhuriloNA.Sprint0.Task2.V0", "Tyuiu.ZhuriloNA.Sprint0.Task2.V0\Tyuiu.ZhuriloNA.Sprint0.Task2.V0.csproj", "{FC337170-41C6-4B2A-BA4E-ADB652745F56}"
EndProject
Project("{FAE04EC0-301F-11D3-BF4B-00C04F79EFBC}") = "Tyuiu.ZhuriloNA.Sprint0.Task2.V0.Lib", "Tyuiu.ZhuriloNA.Sprint0.Task2.V0.Lib\Tyuiu.ZhuriloNA.Sprint0.Task2.V0.Lib.csproj", "{C01F9421-7008-4459-9FA5-66E24D64B6B8}"
EndProject
Project("{FAE04EC0-301F-11D3-BF4B-00C04F79EFBC}") = "Tyuiu.ZhuriloNA.Sprint0.Task2.V0.Test", "Tyuiu.ZhuriloNA.Sprint0.Task2.V0.Test\Tyuiu.ZhuriloNA.Sprint0.Task2.V0.Test.csproj", "{63650511-CBD0-4962-8848-A175E01EB021}"
EndProject
Project("{2150E333-8FDC-42A3-9474-1A3956D46DE8}") = "Task3", "Task3", "{1C57B75B-FE4A-4917-812C-29F65A91B7D0}"
EndProject
Project("{FAE04EC0-301F-11D3-BF4B-00C04F79EFBC}") = "Tyuiu.ZhuriloNA.Sprint0.Task3.V0", "Tyuiu.ZhuriloNA.Sprint0.Task3.V0\Tyuiu.ZhuriloNA.Sprint0.Task3.V0.csproj", "{441391F2-5BE6-44EA-944E-D4CA2071D07E}"
EndProject
Project("{FAE04EC0-301F-11D3-BF4B-00C04F79EFBC}") = "Tyuiu.ZhuriloNA.Sprint0.Task3.V0.Lib", "Tyuiu.ZhuriloNA.Sprint0.Task3.V0.Lib\Tyuiu.ZhuriloNA.Sprint0.Task3.V0.Lib.csproj", "{729F88AC-6E83-4454-83C0-22EEA1AA2924}"
EndProject
Project("{FAE04EC0-301F-11D3-BF4B-00C04F79EFBC}") = "Tyuiu.ZhuriloNA.Sprint0.Task3.V0.Test", "Tyuiu.ZhuriloNA.Sprint0.Task3.V0.Test\Tyuiu.ZhuriloNA.Sprint0.Task3.V0.Test.csproj", "{98066517-B6FE-480D-A256-C92E76BD79B8}"
EndProject
Project("{2150E333-8FDC-42A3-9474-1A3956D46DE8}") = "NewFolder1", "NewFolder1", "{DC9DEDDB-92B3-4A70-8F71-765EADB92FF1}"
EndProject
Project("{2150E333-8FDC-42A3-9474-1A3956D46DE8}") = "Task4", "Task4", "{AB7356EF-7137-41D7-9414-0116EB6B6B46}"
EndProject
Project("{FAE04EC0-301F-11D3-BF4B-00C04F79EFBC}") = "Tyuiu.ZhuriloNA.Sprint0.Task4.V0", "Tyuiu.ZhuriloNA.Sprint0.Task4.V0\Tyuiu.ZhuriloNA.Sprint0.Task4.V0.csproj", "{D1F20136-26A4-478A-BE39-A80F51E45783}"
EndProject
Project("{FAE04EC0-301F-11D3-BF4B-00C04F79EFBC}") = "Tyuiu.ZhuriloNA.Sprint0.Task4.V0.Lib", "Tyuiu.ZhuriloNA.Sprint0.Task4.V0.Lib\Tyuiu.ZhuriloNA.Sprint0.Task4.V0.Lib.csproj", "{4C24F7DE-4794-4EFB-8090-9A3916A832BE}"
EndProject
Project("{FAE04EC0-301F-11D3-BF4B-00C04F79EFBC}") = "Tyuiu.ZhuriloNA.Sprint0.Task4.V0.Test", "Tyuiu.ZhuriloNA.Sprint0.Task4.V0.Test\Tyuiu.ZhuriloNA.Sprint0.Task4.V0.Test.csproj", "{8A33FBA6-4E28-4A87-A286-64AA89F4E27A}"
EndProject
Project("{2150E333-8FDC-42A3-9474-1A3956D46DE8}") = "Task5", "Task5", "{AD8FEDB8-90AD-44F5-B202-E63573D7DA99}"
EndProject
Project("{FAE04EC0-301F-11D3-BF4B-00C04F79EFBC}") = "Tyuiu.ZhuriloNA.Sprint0.Task5.V0", "Tyuiu.ZhuriloNA.Sprint0.Task5.V0\Tyuiu.ZhuriloNA.Sprint0.Task5.V0.csproj", "{949BF325-162E-40E5-9768-506BB591AA7B}"
EndProject
Project("{FAE04EC0-301F-11D3-BF4B-00C04F79EFBC}") = "Tyuiu.ZhuriloNA.Sprint0.Task5.V0.Lib", "Tyuiu.ZhuriloNA.Sprint0.Task5.V0.Lib\Tyuiu.ZhuriloNA.Sprint0.Task5.V0.Lib.csproj", "{D57C6A1F-9067-4599-8E47-FFD8C49E53D2}"
EndProject
Project("{FAE04EC0-301F-11D3-BF4B-00C04F79EFBC}") = "Tyuiu.ZhuriloNA.Sprint0.Task5.V0.Test", "Tyuiu.ZhuriloNA.Sprint0.Task5.V0.Test\Tyuiu.ZhuriloNA.Sprint0.Task5.V0.Test.csproj", "{8178EE73-489A-4BE7-99AC-C4432C872590}"
EndProject
Global
	GlobalSection(SolutionConfigurationPlatforms) = preSolution
		Debug|Any CPU = Debug|Any CPU
		Release|Any CPU = Release|Any CPU
	EndGlobalSection
	GlobalSection(ProjectConfigurationPlatforms) = postSolution
		{2A3B85C2-277A-45B0-8755-C8CB79DC6080}.Debug|Any CPU.ActiveCfg = Debug|Any CPU
		{2A3B85C2-277A-45B0-8755-C8CB79DC6080}.Debug|Any CPU.Build.0 = Debug|Any CPU
		{2A3B85C2-277A-45B0-8755-C8CB79DC6080}.Release|Any CPU.ActiveCfg = Release|Any CPU
		{2A3B85C2-277A-45B0-8755-C8CB79DC6080}.Release|Any CPU.Build.0 = Release|Any CPU
		{C7D292D7-BBEF-4D37-AA5C-755D76141A0B}.Debug|Any CPU.ActiveCfg = Debug|Any CPU
		{C7D292D7-BBEF-4D37-AA5C-755D76141A0B}.Debug|Any CPU.Build.0 = Debug|Any CPU
		{C7D292D7-BBEF-4D37-AA5C-755D76141A0B}.Release|Any CPU.ActiveCfg = Release|Any CPU
		{C7D292D7-BBEF-4D37-AA5C-755D76141A0B}.Release|Any CPU.Build.0 = Release|Any CPU
		{FC337170-41C6-4B2A-BA4E-ADB652745F56}.Debug|Any CPU.ActiveCfg = Debug|Any CPU
		{FC337170-41C6-4B2A-BA4E-ADB652745F56}.Debug|Any CPU.Build.0 = Debug|Any CPU
		{FC337170-41C6-4B2A-BA4E-ADB652745F56}.Release|Any CPU.ActiveCfg = Release|Any CPU
		{FC337170-41C6-4B2A-BA4E-ADB652745F56}.Release|Any CPU.Build.0 = Release|Any CPU
		{C01F9421-7008-4459-9FA5-66E24D64B6B8}.Debug|Any CPU.ActiveCfg = Debug|Any CPU
		{C01F9421-7008-4459-9FA5-66E24D64B6B8}.Debug|Any CPU.Build.0 = Debug|Any CPU
		{C01F9421-7008-4459-9FA5-66E24D64B6B8}.Release|Any CPU.ActiveCfg = Release|Any CPU
		{C01F9421-7008-4459-9FA5-66E24D64B6B8}.Release|Any CPU.Build.0 = Release|Any CPU
		{63650511-CBD0-4962-8848-A175E01EB021}.Debug|Any CPU.ActiveCfg = Debug|Any CPU
		{63650511-CBD0-4962-8848-A175E01EB021}.Debug|Any CPU.Build.0 = Debug|Any CPU
		{63650511-CBD0-4962-8848-A175E01EB021}.Release|Any CPU.ActiveCfg = Release|Any CPU
		{63650511-CBD0-4962-8848-A175E01EB021}.Release|Any CPU.Build.0 = Release|Any CPU
		{441391F2-5BE6-44EA-944E-D4CA2071D07E}.Debug|Any CPU.ActiveCfg = Debug|Any CPU
		{441391F2-5BE6-44EA-944E-D4CA2071D07E}.Debug|Any CPU.Build.0 = Debug|Any CPU
		{441391F2-5BE6-44EA-944E-D4CA2071D07E}.Release|Any CPU.ActiveCfg = Release|Any CPU
		{441391F2-5BE6-44EA-944E-D4CA2071D07E}.Release|Any CPU.Build.0 = Release|Any CPU
		{729F88AC-6E83-4454-83C0-22EEA1AA2924}.Debug|Any CPU.ActiveCfg = Debug|Any CPU
		{729F88AC-6E83-4454-83C0-22EEA1AA2924}.Debug|Any CPU.Build.0 = Debug|Any CPU
		{729F88AC-6E83-4454-83C0-22EEA1AA2924}.Release|Any CPU.ActiveCfg = Release|Any CPU
		{729F88AC-6E83-4454-83C0-22EEA1AA2924}.Release|Any CPU.Build.0 = Release|Any CPU
		{98066517-B6FE-480D-A256-C92E76BD79B8}.Debug|Any CPU.ActiveCfg = Debug|Any CPU
		{98066517-B6FE-480D-A256-C92E76BD79B8}.Debug|Any CPU.Build.0 = Debug|Any CPU
		{98066517-B6FE-480D-A256-C92E76BD79B8}.Release|Any CPU.ActiveCfg = Release|Any CPU
		{98066517-B6FE-480D-A256-C92E76BD79B8}.Release|Any CPU.Build.0 = Release|Any CPU
		{D1F20136-26A4-478A-BE39-A80F51E45783}.Debug|Any CPU.ActiveCfg = Debug|Any CPU
		{D1F20136-26A4-478A-BE39-A80F51E45783}.Debug|Any CPU.Build.0 = Debug|Any CPU
		{D1F20136-26A4-478A-BE39-A80F51E45783}.Release|Any CPU.ActiveCfg = Release|Any CPU
		{D1F20136-26A4-478A-BE39-A80F51E45783}.Release|Any CPU.Build.0 = Release|Any CPU
		{4C24F7DE-4794-4EFB-8090-9A3916A832BE}.Debug|Any CPU.ActiveCfg = Debug|Any CPU
		{4C24F7DE-4794-4EFB-8090-9A3916A832BE}.Debug|Any CPU.Build.0 = Debug|Any CPU
		{4C24F7DE-4794-4EFB-8090-9A3916A832BE}.Release|Any CPU.ActiveCfg = Release|Any CPU
		{4C24F7DE-4794-4EFB-8090-9A3916A832BE}.Release|Any CPU.Build.0 = Release|Any CPU
		{8A33FBA6-4E28-4A87-A286-64AA89F4E27A}.Debug|Any CPU.ActiveCfg = Debug|Any CPU
		{8A33FBA6-4E28-4A87-A286-64AA89F4E27A}.Debug|Any CPU.Build.0 = Debug|Any CPU
		{8A33FBA6-4E28-4A87-A286-64AA89F4E27A}.Release|Any CPU.ActiveCfg = Release|Any CPU
		{8A33FBA6-4E28-4A87-A286-64AA89F4E27A}.Release|Any CPU.Build.0 = Release|Any CPU
		{949BF325-162E-40E5-9768-506BB591AA7B}.Debug|Any CPU.ActiveCfg = Debug|Any CPU
		{949BF325-162E-40E5-9768-506BB591AA7B}.Debug|Any CPU.Build.0 = Debug|Any CPU
		{949BF325-162E-40E5-9768-506BB591AA7B}.Release|Any CPU.ActiveCfg = Release|Any CPU
		{949BF325-162E-40E5-9768-506BB591AA7B}.Release|Any CPU.Build.0 = Release|Any CPU
		{D57C6A1F-9067-4599-8E47-FFD8C49E53D2}.Debug|Any CPU.ActiveCfg = Debug|Any CPU
		{D57C6A1F-9067-4599-8E47-FFD8C49E53D2}.Debug|Any CPU.Build.0 = Debug|Any CPU
		{D57C6A1F-9067-4599-8E47-FFD8C49E53D2}.Release|Any CPU.ActiveCfg = Release|Any CPU
		{D57C6A1F-9067-4599-8E47-FFD8C49E53D2}.Release|Any CPU.Build.0 = Release|Any CPU
		{8178EE73-489A-4BE7-99AC-C4432C872590}.Debug|Any CPU.ActiveCfg = Debug|Any CPU
		{8178EE73-489A-4BE7-99AC-C4432C872590}.Debug|Any CPU.Build.0 = Debug|Any CPU
		{8178EE73-489A-4BE7-99AC-C4432C872590}.Release|Any CPU.ActiveCfg = Release|Any CPU
		{8178EE73-489A-4BE7-99AC-C4432C872590}.Release|Any CPU.Build.0 = Release|Any CPU
	EndGlobalSection
	GlobalSection(SolutionProperties) = preSolution
		HideSolutionNode = FALSE
	EndGlobalSection
	GlobalSection(NestedProjects) = preSolution
		{2A3B85C2-277A-45B0-8755-C8CB79DC6080} = {CDEDEFC3-958D-4F99-9AB4-8A5883B51460}
		{C7D292D7-BBEF-4D37-AA5C-755D76141A0B} = {E51A301F-23DC-4D78-9A73-BB17ECFF767E}
		{FC337170-41C6-4B2A-BA4E-ADB652745F56} = {0ECAF795-23EB-4746-9E39-7861811EA957}
		{C01F9421-7008-4459-9FA5-66E24D64B6B8} = {0ECAF795-23EB-4746-9E39-7861811EA957}
		{63650511-CBD0-4962-8848-A175E01EB021} = {0ECAF795-23EB-4746-9E39-7861811EA957}
		{441391F2-5BE6-44EA-944E-D4CA2071D07E} = {1C57B75B-FE4A-4917-812C-29F65A91B7D0}
		{729F88AC-6E83-4454-83C0-22EEA1AA2924} = {1C57B75B-FE4A-4917-812C-29F65A91B7D0}
		{98066517-B6FE-480D-A256-C92E76BD79B8} = {1C57B75B-FE4A-4917-812C-29F65A91B7D0}
		{D1F20136-26A4-478A-BE39-A80F51E45783} = {AB7356EF-7137-41D7-9414-0116EB6B6B46}
		{4C24F7DE-4794-4EFB-8090-9A3916A832BE} = {AB7356EF-7137-41D7-9414-0116EB6B6B46}
		{8A33FBA6-4E28-4A87-A286-64AA89F4E27A} = {AB7356EF-7137-41D7-9414-0116EB6B6B46}
		{949BF325-162E-40E5-9768-506BB591AA7B} = {AD8FEDB8-90AD-44F5-B202-E63573D7DA99}
		{D57C6A1F-9067-4599-8E47-FFD8C49E53D2} = {AD8FEDB8-90AD-44F5-B202-E63573D7DA99}
		{8178EE73-489A-4BE7-99AC-C4432C872590} = {AD8FEDB8-90AD-44F5-B202-E63573D7DA99}
	EndGlobalSection
	GlobalSection(ExtensibilityGlobals) = postSolution
		SolutionGuid = {58206365-DF8B-462D-9889-D8E98B341C7B}
	EndGlobalSection
EndGlobal
